{
  "version": 4,
  "terraform_version": "1.11.3",
  "serial": 31,
  "lineage": "62120871-fc1b-1ad7-a073-8341452b801c",
  "outputs": {},
  "resources": [
    {
      "mode": "managed",
      "type": "azurerm_app_service",
      "name": "app",
      "provider": "provider[\"registry.terraform.io/hashicorp/azurerm\"]",
      "instances": [
        {
          "schema_version": 0,
          "attributes": {
            "app_service_plan_id": "/subscriptions/d6b9e36b-3118-4e34-8285-5e1e717e7bc4/resourceGroups/flaskapp-rg/providers/Microsoft.Web/serverFarms/flaskapp-asp",
            "app_settings": {
              "FLASK_APP": "app.py",
              "FLASK_ENV": "production",
              "SCM_DO_BUILD_DURING_DEPLOYMENT": "true",
              "WEBSITES_ENABLE_APP_SERVICE_STORAGE": "true"
            },
            "auth_settings": [
              {
                "active_directory": [],
                "additional_login_params": {},
                "allowed_external_redirect_urls": [],
                "default_provider": "",
                "enabled": false,
                "facebook": [],
                "google": [],
                "issuer": "",
                "microsoft": [],
                "runtime_version": "",
                "token_refresh_extension_hours": 0,
                "token_store_enabled": false,
                "twitter": [],
                "unauthenticated_client_action": ""
              }
            ],
            "backup": [],
            "client_affinity_enabled": false,
            "client_cert_enabled": false,
            "client_cert_mode": "Required",
            "connection_string": [],
            "custom_domain_verification_id": "9694DCC337CE245D380702C8E55EBE19E19B6ED00648D58F994C997E0CCCDA2D",
            "default_site_hostname": "flaskapp-anthoony.azurewebsites.net",
            "enabled": true,
            "https_only": false,
            "id": "/subscriptions/d6b9e36b-3118-4e34-8285-5e1e717e7bc4/resourceGroups/flaskapp-rg/providers/Microsoft.Web/sites/flaskapp-anthoony",
            "identity": [],
            "key_vault_reference_identity_id": "SystemAssigned",
            "location": "eastus",
            "logs": [
              {
                "application_logs": [
                  {
                    "azure_blob_storage": [],
                    "file_system_level": "Off"
                  }
                ],
                "detailed_error_messages_enabled": false,
                "failed_request_tracing_enabled": false,
                "http_logs": [
                  {
                    "azure_blob_storage": [],
                    "file_system": []
                  }
                ]
              }
            ],
            "name": "flaskapp-anthoony",
            "outbound_ip_address_list": [
              "20.242.158.238",
              "20.242.159.249",
              "20.85.187.219",
              "4.157.152.22",
              "4.157.152.69",
              "4.157.153.233",
              "20.231.243.149",
              "20.231.245.204",
              "20.242.153.43",
              "20.242.153.177",
              "20.242.157.18",
              "20.242.157.58",
              "20.119.0.48"
            ],
            "outbound_ip_addresses": "20.242.158.238,20.242.159.249,20.85.187.219,4.157.152.22,4.157.152.69,4.157.153.233,20.231.243.149,20.231.245.204,20.242.153.43,20.242.153.177,20.242.157.18,20.242.157.58,20.119.0.48",
            "possible_outbound_ip_address_list": [
              "20.242.158.238",
              "20.242.159.249",
              "20.85.187.219",
              "4.157.152.22",
              "4.157.152.69",
              "4.157.153.233",
              "20.231.243.149",
              "20.231.245.204",
              "20.242.153.43",
              "20.242.153.177",
              "20.242.157.18",
              "20.242.157.58",
              "20.242.157.95",
              "20.242.157.168",
              "20.242.157.193",
              "20.242.157.238",
              "20.242.157.244",
              "20.242.157.251",
              "20.242.158.21",
              "20.242.158.24",
              "20.242.158.50",
              "20.242.158.125",
              "20.242.158.156",
              "20.242.158.212",
              "4.157.153.245",
              "4.157.153.253",
              "4.157.153.254",
              "4.157.155.56",
              "4.157.155.75",
              "4.157.155.80",
              "20.119.0.48"
            ],
            "possible_outbound_ip_addresses": "20.242.158.238,20.242.159.249,20.85.187.219,4.157.152.22,4.157.152.69,4.157.153.233,20.231.243.149,20.231.245.204,20.242.153.43,20.242.153.177,20.242.157.18,20.242.157.58,20.242.157.95,20.242.157.168,20.242.157.193,20.242.157.238,20.242.157.244,20.242.157.251,20.242.158.21,20.242.158.24,20.242.158.50,20.242.158.125,20.242.158.156,20.242.158.212,4.157.153.245,4.157.153.253,4.157.153.254,4.157.155.56,4.157.155.75,4.157.155.80,20.119.0.48",
            "resource_group_name": "flaskapp-rg",
            "site_config": [
              {
                "acr_use_managed_identity_credentials": false,
                "acr_user_managed_identity_client_id": "",
                "always_on": false,
                "app_command_line": "",
                "auto_swap_slot_name": "",
                "cors": [
                  {
                    "allowed_origins": [],
                    "support_credentials": false
                  }
                ],
                "default_documents": null,
                "dotnet_framework_version": "v4.0",
                "ftps_state": "FtpsOnly",
                "health_check_path": "",
                "http2_enabled": false,
                "ip_restriction": [],
                "java_container": "",
                "java_container_version": "",
                "java_version": "",
                "linux_fx_version": "PYTHON|3.9",
                "local_mysql_enabled": false,
                "managed_pipeline_mode": "Integrated",
                "min_tls_version": "1.2",
                "number_of_workers": 1,
                "php_version": "",
                "python_version": "",
                "remote_debugging_enabled": false,
                "remote_debugging_version": "VS2022",
                "scm_ip_restriction": [],
                "scm_type": "None",
                "scm_use_main_ip_restriction": false,
                "use_32_bit_worker_process": false,
                "vnet_route_all_enabled": false,
                "websockets_enabled": false,
                "windows_fx_version": ""
              }
            ],
            "site_credential": [
              {
                "password": "4G5Bivcy2wXhXzRmWCWHxSPqJN00vYCQXqa6ZMrhednwkq8GoSji15bNa3Rb",
                "username": "$flaskapp-anthoony"
              }
            ],
            "source_control": [
              {
                "branch": "main",
                "manual_integration": false,
                "repo_url": "",
                "rollback_enabled": false,
                "use_mercurial": false
              }
            ],
            "storage_account": [],
            "tags": null,
            "timeouts": null
          },
          "sensitive_attributes": [],
          "private": "eyJlMmJmYjczMC1lY2FhLTExZTYtOGY4OC0zNDM2M2JjN2M0YzAiOnsiY3JlYXRlIjoxODAwMDAwMDAwMDAwLCJkZWxldGUiOjE4MDAwMDAwMDAwMDAsInJlYWQiOjMwMDAwMDAwMDAwMCwidXBkYXRlIjoxODAwMDAwMDAwMDAwfX0=",
          "dependencies": [
            "azurerm_app_service_plan.asp",
            "azurerm_resource_group.rg"
          ]
        }
      ]
    },
    {
      "mode": "managed",
      "type": "azurerm_app_service_plan",
      "name": "asp",
      "provider": "provider[\"registry.terraform.io/hashicorp/azurerm\"]",
      "instances": [
        {
          "schema_version": 1,
          "attributes": {
            "app_service_environment_id": "",
            "id": "/subscriptions/d6b9e36b-3118-4e34-8285-5e1e717e7bc4/resourceGroups/flaskapp-rg/providers/Microsoft.Web/serverFarms/flaskapp-asp",
            "is_xenon": false,
            "kind": "linux",
            "location": "eastus",
            "maximum_elastic_worker_count": 1,
            "maximum_number_of_workers": 3,
            "name": "flaskapp-asp",
            "per_site_scaling": false,
            "reserved": true,
            "resource_group_name": "flaskapp-rg",
            "sku": [
              {
                "capacity": 1,
                "size": "B1",
                "tier": "Basic"
              }
            ],
            "tags": null,
            "timeouts": null,
            "zone_redundant": false
          },
          "sensitive_attributes": [],
          "private": "eyJlMmJmYjczMC1lY2FhLTExZTYtOGY4OC0zNDM2M2JjN2M0YzAiOnsiY3JlYXRlIjozNjAwMDAwMDAwMDAwLCJkZWxldGUiOjM2MDAwMDAwMDAwMDAsInJlYWQiOjMwMDAwMDAwMDAwMCwidXBkYXRlIjozNjAwMDAwMDAwMDAwfSwic2NoZW1hX3ZlcnNpb24iOiIxIn0=",
          "dependencies": [
            "azurerm_resource_group.rg"
          ]
        }
      ]
    },
    {
      "mode": "managed",
      "type": "azurerm_resource_group",
      "name": "rg",
      "provider": "provider[\"registry.terraform.io/hashicorp/azurerm\"]",
      "instances": [
        {
          "schema_version": 0,
          "attributes": {
            "id": "/subscriptions/d6b9e36b-3118-4e34-8285-5e1e717e7bc4/resourceGroups/flaskapp-rg",
            "location": "eastus",
            "managed_by": "",
            "name": "flaskapp-rg",
            "tags": null,
            "timeouts": null
          },
          "sensitive_attributes": [],
          "private": "eyJlMmJmYjczMC1lY2FhLTExZTYtOGY4OC0zNDM2M2JjN2M0YzAiOnsiY3JlYXRlIjo1NDAwMDAwMDAwMDAwLCJkZWxldGUiOjU0MDAwMDAwMDAwMDAsInJlYWQiOjMwMDAwMDAwMDAwMCwidXBkYXRlIjo1NDAwMDAwMDAwMDAwfX0="
        }
      ]
    }
  ],
  "check_results": null
}
